
Microsoft Visual Studio Solution File, Format Version 12.00
# Visual Studio 15
VisualStudioVersion = 15.0.28307.271
MinimumVisualStudioVersion = 10.0.40219.1
Project("{8BC9CEB8-8B4A-11D0-8D11-00A0C91BC942}") = "MeshEditor", "MeshEditor\MeshEditor.vcxproj", "{BB6BABA0-938F-481A-8AB5-156906A6C2B2}"
EndProject
Global
	GlobalSection(SolutionConfigurationPlatforms) = preSolution
		Debug|x64 = Debug|x64
		Debug|x86 = Debug|x86
		Release|x64 = Release|x64
		Release|x86 = Release|x86
	EndGlobalSection
	GlobalSection(ProjectConfigurationPlatforms) = postSolution
		{BB6BABA0-938F-481A-8AB5-156906A6C2B2}.Debug|x64.ActiveCfg = Release|x64
		{BB6BABA0-938F-481A-8AB5-156906A6C2B2}.Debug|x64.Build.0 = Release|x64
		{BB6BABA0-938F-481A-8AB5-156906A6C2B2}.Debug|x86.ActiveCfg = Release|x64
		{BB6BABA0-938F-481A-8AB5-156906A6C2B2}.Debug|x86.Build.0 = Release|x64
		{BB6BABA0-938F-481A-8AB5-156906A6C2B2}.Release|x64.ActiveCfg = Release|x64
		{BB6BABA0-938F-481A-8AB5-156906A6C2B2}.Release|x64.Build.0 = Release|x64
		{BB6BABA0-938F-481A-8AB5-156906A6C2B2}.Release|x86.ActiveCfg = Release|x64
		{BB6BABA0-938F-481A-8AB5-156906A6C2B2}.Release|x86.Build.0 = Release|x64
	EndGlobalSection
	GlobalSection(SolutionProperties) = preSolution
		HideSolutionNode = FALSE
	EndGlobalSection
	GlobalSection(ExtensibilityGlobals) = postSolution
		SolutionGuid = {BFE2D924-F45F-4AFA-87C0-F4613FB17F9F}
	EndGlobalSection
EndGlobal
